
Microsoft Visual Studio Solution File, Format Version 12.00
# Visual Studio Version 16
VisualStudioVersion = 16.0.31005.135
MinimumVisualStudioVersion = 10.0.40219.1
Project("{9A19103F-16F7-4668-BE54-9A1E7A4F7556}") = "Entities", "Entities\Entities.csproj", "{24B9F53B-2929-4D98-B73A-7EB7C9EA28A7}"
EndProject
Project("{9A19103F-16F7-4668-BE54-9A1E7A4F7556}") = "DataAccess", "DataAccess\DataAccess.csproj", "{33A45C0E-3F5A-4940-91C8-2E15A5B9FBC5}"
EndProject
Project("{9A19103F-16F7-4668-BE54-9A1E7A4F7556}") = "Business", "Business\Business.csproj", "{D11B5427-8FA4-46EA-A78A-FC2FD98F7EC2}"
EndProject
Project("{9A19103F-16F7-4668-BE54-9A1E7A4F7556}") = "ConsoleUI", "ConsoleUI\ConsoleUI.csproj", "{D25F1CD2-46EF-4478-B584-D1B2EFF65FD2}"
EndProject
Project("{9A19103F-16F7-4668-BE54-9A1E7A4F7556}") = "Core", "Core\Core.csproj", "{1F3D9044-A12D-43AE-9F75-6394B798E337}"
EndProject
Project("{FAE04EC0-301F-11D3-BF4B-00C04F79EFBC}") = "WebAPI", "WebAPI\WebAPI.csproj", "{04B603BF-9846-4C24-A7FA-CDE1DA396A5E}"
EndProject
Global
	GlobalSection(SolutionConfigurationPlatforms) = preSolution
		Debug|Any CPU = Debug|Any CPU
		Release|Any CPU = Release|Any CPU
	EndGlobalSection
	GlobalSection(ProjectConfigurationPlatforms) = postSolution
		{24B9F53B-2929-4D98-B73A-7EB7C9EA28A7}.Debug|Any CPU.ActiveCfg = Debug|Any CPU
		{24B9F53B-2929-4D98-B73A-7EB7C9EA28A7}.Debug|Any CPU.Build.0 = Debug|Any CPU
		{24B9F53B-2929-4D98-B73A-7EB7C9EA28A7}.Release|Any CPU.ActiveCfg = Release|Any CPU
		{24B9F53B-2929-4D98-B73A-7EB7C9EA28A7}.Release|Any CPU.Build.0 = Release|Any CPU
		{33A45C0E-3F5A-4940-91C8-2E15A5B9FBC5}.Debug|Any CPU.ActiveCfg = Debug|Any CPU
		{33A45C0E-3F5A-4940-91C8-2E15A5B9FBC5}.Debug|Any CPU.Build.0 = Debug|Any CPU
		{33A45C0E-3F5A-4940-91C8-2E15A5B9FBC5}.Release|Any CPU.ActiveCfg = Release|Any CPU
		{33A45C0E-3F5A-4940-91C8-2E15A5B9FBC5}.Release|Any CPU.Build.0 = Release|Any CPU
		{D11B5427-8FA4-46EA-A78A-FC2FD98F7EC2}.Debug|Any CPU.ActiveCfg = Debug|Any CPU
		{D11B5427-8FA4-46EA-A78A-FC2FD98F7EC2}.Debug|Any CPU.Build.0 = Debug|Any CPU
		{D11B5427-8FA4-46EA-A78A-FC2FD98F7EC2}.Release|Any CPU.ActiveCfg = Release|Any CPU
		{D11B5427-8FA4-46EA-A78A-FC2FD98F7EC2}.Release|Any CPU.Build.0 = Release|Any CPU
		{D25F1CD2-46EF-4478-B584-D1B2EFF65FD2}.Debug|Any CPU.ActiveCfg = Debug|Any CPU
		{D25F1CD2-46EF-4478-B584-D1B2EFF65FD2}.Debug|Any CPU.Build.0 = Debug|Any CPU
		{D25F1CD2-46EF-4478-B584-D1B2EFF65FD2}.Release|Any CPU.ActiveCfg = Release|Any CPU
		{D25F1CD2-46EF-4478-B584-D1B2EFF65FD2}.Release|Any CPU.Build.0 = Release|Any CPU
		{1F3D9044-A12D-43AE-9F75-6394B798E337}.Debug|Any CPU.ActiveCfg = Debug|Any CPU
		{1F3D9044-A12D-43AE-9F75-6394B798E337}.Debug|Any CPU.Build.0 = Debug|Any CPU
		{1F3D9044-A12D-43AE-9F75-6394B798E337}.Release|Any CPU.ActiveCfg = Release|Any CPU
		{1F3D9044-A12D-43AE-9F75-6394B798E337}.Release|Any CPU.Build.0 = Release|Any CPU
		{04B603BF-9846-4C24-A7FA-CDE1DA396A5E}.Debug|Any CPU.ActiveCfg = Debug|Any CPU
		{04B603BF-9846-4C24-A7FA-CDE1DA396A5E}.Debug|Any CPU.Build.0 = Debug|Any CPU
		{04B603BF-9846-4C24-A7FA-CDE1DA396A5E}.Release|Any CPU.ActiveCfg = Release|Any CPU
		{04B603BF-9846-4C24-A7FA-CDE1DA396A5E}.Release|Any CPU.Build.0 = Release|Any CPU
	EndGlobalSection
	GlobalSection(SolutionProperties) = preSolution
		HideSolutionNode = FALSE
	EndGlobalSection
	GlobalSection(ExtensibilityGlobals) = postSolution
		SolutionGuid = {17CAD408-4F33-4459-B94B-2E1BA6580AB0}
	EndGlobalSection
EndGlobal
